
Microsoft Visual Studio Solution File, Format Version 12.00
# Visual Studio Version 17
VisualStudioVersion = 17.2.32516.85
MinimumVisualStudioVersion = 10.0.40219.1
Project("{9A19103F-16F7-4668-BE54-9A1E7A4F7556}") = "UnitDirectory", "UnitDirectory\UnitDirectory.csproj", "{3FFEA2B6-9CA0-473F-8E4A-B05899CB77C1}"
EndProject
Project("{9A19103F-16F7-4668-BE54-9A1E7A4F7556}") = "UnitDirectory.Infrastructure", "UnitDirectory.Infrastructure\UnitDirectory.Infrastructure.csproj", "{73A41588-56DB-4AEF-93E2-7586BAFBCC55}"
EndProject
Project("{9A19103F-16F7-4668-BE54-9A1E7A4F7556}") = "UnitDirectory.Core", "UnitDirectory.Core\UnitDirectory.Core.csproj", "{4D90C637-C893-4BE4-8F27-D342EC311977}"
EndProject
Project("{9A19103F-16F7-4668-BE54-9A1E7A4F7556}") = "UnitDirectory.Application", "UnitDirectory.Application\UnitDirectory.Application.csproj", "{DB73ECB6-D67F-40DF-8DCC-E40D8F79D30A}"
EndProject
Global
	GlobalSection(SolutionConfigurationPlatforms) = preSolution
		Debug|Any CPU = Debug|Any CPU
		Release|Any CPU = Release|Any CPU
	EndGlobalSection
	GlobalSection(ProjectConfigurationPlatforms) = postSolution
		{3FFEA2B6-9CA0-473F-8E4A-B05899CB77C1}.Debug|Any CPU.ActiveCfg = Debug|Any CPU
		{3FFEA2B6-9CA0-473F-8E4A-B05899CB77C1}.Debug|Any CPU.Build.0 = Debug|Any CPU
		{3FFEA2B6-9CA0-473F-8E4A-B05899CB77C1}.Release|Any CPU.ActiveCfg = Release|Any CPU
		{3FFEA2B6-9CA0-473F-8E4A-B05899CB77C1}.Release|Any CPU.Build.0 = Release|Any CPU
		{73A41588-56DB-4AEF-93E2-7586BAFBCC55}.Debug|Any CPU.ActiveCfg = Debug|Any CPU
		{73A41588-56DB-4AEF-93E2-7586BAFBCC55}.Debug|Any CPU.Build.0 = Debug|Any CPU
		{73A41588-56DB-4AEF-93E2-7586BAFBCC55}.Release|Any CPU.ActiveCfg = Release|Any CPU
		{73A41588-56DB-4AEF-93E2-7586BAFBCC55}.Release|Any CPU.Build.0 = Release|Any CPU
		{4D90C637-C893-4BE4-8F27-D342EC311977}.Debug|Any CPU.ActiveCfg = Debug|Any CPU
		{4D90C637-C893-4BE4-8F27-D342EC311977}.Debug|Any CPU.Build.0 = Debug|Any CPU
		{4D90C637-C893-4BE4-8F27-D342EC311977}.Release|Any CPU.ActiveCfg = Release|Any CPU
		{4D90C637-C893-4BE4-8F27-D342EC311977}.Release|Any CPU.Build.0 = Release|Any CPU
		{DB73ECB6-D67F-40DF-8DCC-E40D8F79D30A}.Debug|Any CPU.ActiveCfg = Debug|Any CPU
		{DB73ECB6-D67F-40DF-8DCC-E40D8F79D30A}.Debug|Any CPU.Build.0 = Debug|Any CPU
		{DB73ECB6-D67F-40DF-8DCC-E40D8F79D30A}.Release|Any CPU.ActiveCfg = Release|Any CPU
		{DB73ECB6-D67F-40DF-8DCC-E40D8F79D30A}.Release|Any CPU.Build.0 = Release|Any CPU
	EndGlobalSection
	GlobalSection(SolutionProperties) = preSolution
		HideSolutionNode = FALSE
	EndGlobalSection
	GlobalSection(ExtensibilityGlobals) = postSolution
		SolutionGuid = {08D1F969-920D-49FC-BEFB-FADA79D82178}
	EndGlobalSection
EndGlobal
